
Microsoft Visual Studio Solution File, Format Version 12.00
# Visual Studio Version 16
VisualStudioVersion = 16.0.30011.22
MinimumVisualStudioVersion = 10.0.40219.1
Project("{FAE04EC0-301F-11D3-BF4B-00C04F79EFBC}") = "ConsoleApp", "ConsoleApp\ConsoleApp.csproj", "{D2C3DE8A-9FAB-4EEE-BDB6-472922209EC2}"
EndProject
Project("{FAE04EC0-301F-11D3-BF4B-00C04F79EFBC}") = "Model", "Model\Model.csproj", "{49300080-1D38-421D-A8BB-459AB3E548A9}"
EndProject
Project("{FAE04EC0-301F-11D3-BF4B-00C04F79EFBC}") = "DAL", "DAL\DAL.csproj", "{5D955B14-9362-4C08-BBBF-EDAA4AE40E63}"
EndProject
Project("{FAE04EC0-301F-11D3-BF4B-00C04F79EFBC}") = "ORMFramework", "ORMFramework\ORMFramework.csproj", "{1B9C544D-F44C-4467-A26A-82069DDB4A69}"
EndProject
Project("{FAE04EC0-301F-11D3-BF4B-00C04F79EFBC}") = "ExpressionSql", "ExpressionSql\ExpressionSql.csproj", "{67F2D645-6BDA-4104-8F46-A9C361BC812B}"
EndProject
Global
	GlobalSection(SolutionConfigurationPlatforms) = preSolution
		Debug|Any CPU = Debug|Any CPU
		Release|Any CPU = Release|Any CPU
	EndGlobalSection
	GlobalSection(ProjectConfigurationPlatforms) = postSolution
		{D2C3DE8A-9FAB-4EEE-BDB6-472922209EC2}.Debug|Any CPU.ActiveCfg = Debug|Any CPU
		{D2C3DE8A-9FAB-4EEE-BDB6-472922209EC2}.Debug|Any CPU.Build.0 = Debug|Any CPU
		{D2C3DE8A-9FAB-4EEE-BDB6-472922209EC2}.Release|Any CPU.ActiveCfg = Release|Any CPU
		{D2C3DE8A-9FAB-4EEE-BDB6-472922209EC2}.Release|Any CPU.Build.0 = Release|Any CPU
		{49300080-1D38-421D-A8BB-459AB3E548A9}.Debug|Any CPU.ActiveCfg = Debug|Any CPU
		{49300080-1D38-421D-A8BB-459AB3E548A9}.Debug|Any CPU.Build.0 = Debug|Any CPU
		{49300080-1D38-421D-A8BB-459AB3E548A9}.Release|Any CPU.ActiveCfg = Release|Any CPU
		{49300080-1D38-421D-A8BB-459AB3E548A9}.Release|Any CPU.Build.0 = Release|Any CPU
		{5D955B14-9362-4C08-BBBF-EDAA4AE40E63}.Debug|Any CPU.ActiveCfg = Debug|Any CPU
		{5D955B14-9362-4C08-BBBF-EDAA4AE40E63}.Debug|Any CPU.Build.0 = Debug|Any CPU
		{5D955B14-9362-4C08-BBBF-EDAA4AE40E63}.Release|Any CPU.ActiveCfg = Release|Any CPU
		{5D955B14-9362-4C08-BBBF-EDAA4AE40E63}.Release|Any CPU.Build.0 = Release|Any CPU
		{1B9C544D-F44C-4467-A26A-82069DDB4A69}.Debug|Any CPU.ActiveCfg = Debug|Any CPU
		{1B9C544D-F44C-4467-A26A-82069DDB4A69}.Debug|Any CPU.Build.0 = Debug|Any CPU
		{1B9C544D-F44C-4467-A26A-82069DDB4A69}.Release|Any CPU.ActiveCfg = Release|Any CPU
		{1B9C544D-F44C-4467-A26A-82069DDB4A69}.Release|Any CPU.Build.0 = Release|Any CPU
		{67F2D645-6BDA-4104-8F46-A9C361BC812B}.Debug|Any CPU.ActiveCfg = Debug|Any CPU
		{67F2D645-6BDA-4104-8F46-A9C361BC812B}.Debug|Any CPU.Build.0 = Debug|Any CPU
		{67F2D645-6BDA-4104-8F46-A9C361BC812B}.Release|Any CPU.ActiveCfg = Release|Any CPU
		{67F2D645-6BDA-4104-8F46-A9C361BC812B}.Release|Any CPU.Build.0 = Release|Any CPU
	EndGlobalSection
	GlobalSection(SolutionProperties) = preSolution
		HideSolutionNode = FALSE
	EndGlobalSection
	GlobalSection(ExtensibilityGlobals) = postSolution
		SolutionGuid = {6685929D-F944-4EE0-A21E-474FB296E996}
	EndGlobalSection
EndGlobal
